
Microsoft Visual Studio Solution File, Format Version 12.00
# Visual Studio Version 16
VisualStudioVersion = 16.0.31105.61
MinimumVisualStudioVersion = 10.0.40219.1
Project("{FAE04EC0-301F-11D3-BF4B-00C04F79EFBC}") = "CBasic4", "CBasic4\CBasic4.csproj", "{21C238FA-03D9-4664-B143-C962ED326D7D}"
EndProject
Global
	GlobalSection(SolutionConfigurationPlatforms) = preSolution
		Debug|Any CPU = Debug|Any CPU
		Release|Any CPU = Release|Any CPU
	EndGlobalSection
	GlobalSection(ProjectConfigurationPlatforms) = postSolution
		{21C238FA-03D9-4664-B143-C962ED326D7D}.Debug|Any CPU.ActiveCfg = Debug|Any CPU
		{21C238FA-03D9-4664-B143-C962ED326D7D}.Debug|Any CPU.Build.0 = Debug|Any CPU
		{21C238FA-03D9-4664-B143-C962ED326D7D}.Release|Any CPU.ActiveCfg = Release|Any CPU
		{21C238FA-03D9-4664-B143-C962ED326D7D}.Release|Any CPU.Build.0 = Release|Any CPU
	EndGlobalSection
	GlobalSection(SolutionProperties) = preSolution
		HideSolutionNode = FALSE
	EndGlobalSection
	GlobalSection(ExtensibilityGlobals) = postSolution
		SolutionGuid = {1195181C-0360-4E6C-AA04-8E533D2D96A7}
	EndGlobalSection
EndGlobal
