
Microsoft Visual Studio Solution File, Format Version 12.00
# Visual Studio Version 16
VisualStudioVersion = 16.0.31402.337
MinimumVisualStudioVersion = 10.0.40219.1
Project("{FAE04EC0-301F-11D3-BF4B-00C04F79EFBC}") = "Chapter6", "Chapter6\Chapter6.csproj", "{6148D122-988B-4CBF-BDF4-096580E12F8A}"
EndProject
Global
	GlobalSection(SolutionConfigurationPlatforms) = preSolution
		Debug|Any CPU = Debug|Any CPU
		Release|Any CPU = Release|Any CPU
	EndGlobalSection
	GlobalSection(ProjectConfigurationPlatforms) = postSolution
		{6148D122-988B-4CBF-BDF4-096580E12F8A}.Debug|Any CPU.ActiveCfg = Debug|Any CPU
		{6148D122-988B-4CBF-BDF4-096580E12F8A}.Debug|Any CPU.Build.0 = Debug|Any CPU
		{6148D122-988B-4CBF-BDF4-096580E12F8A}.Release|Any CPU.ActiveCfg = Release|Any CPU
		{6148D122-988B-4CBF-BDF4-096580E12F8A}.Release|Any CPU.Build.0 = Release|Any CPU
	EndGlobalSection
	GlobalSection(SolutionProperties) = preSolution
		HideSolutionNode = FALSE
	EndGlobalSection
	GlobalSection(ExtensibilityGlobals) = postSolution
		SolutionGuid = {042F71F8-1B7A-4F7B-B2A2-67E43F86F424}
	EndGlobalSection
EndGlobal
