
Microsoft Visual Studio Solution File, Format Version 12.00
# Visual Studio Version 16
VisualStudioVersion = 16.0.31402.337
MinimumVisualStudioVersion = 10.0.40219.1
Project("{FAE04EC0-301F-11D3-BF4B-00C04F79EFBC}") = "CSBasic11", "CSBasic11\CSBasic11.csproj", "{110E8351-A0D3-4365-985D-2FA35F9B0B8F}"
EndProject
Global
	GlobalSection(SolutionConfigurationPlatforms) = preSolution
		Debug|Any CPU = Debug|Any CPU
		Release|Any CPU = Release|Any CPU
	EndGlobalSection
	GlobalSection(ProjectConfigurationPlatforms) = postSolution
		{110E8351-A0D3-4365-985D-2FA35F9B0B8F}.Debug|Any CPU.ActiveCfg = Debug|Any CPU
		{110E8351-A0D3-4365-985D-2FA35F9B0B8F}.Debug|Any CPU.Build.0 = Debug|Any CPU
		{110E8351-A0D3-4365-985D-2FA35F9B0B8F}.Release|Any CPU.ActiveCfg = Release|Any CPU
		{110E8351-A0D3-4365-985D-2FA35F9B0B8F}.Release|Any CPU.Build.0 = Release|Any CPU
	EndGlobalSection
	GlobalSection(SolutionProperties) = preSolution
		HideSolutionNode = FALSE
	EndGlobalSection
	GlobalSection(ExtensibilityGlobals) = postSolution
		SolutionGuid = {D5166A2B-6233-4E9E-A079-B16641473DEF}
	EndGlobalSection
EndGlobal
