
Microsoft Visual Studio Solution File, Format Version 12.00
# Visual Studio Version 16
VisualStudioVersion = 16.0.31402.337
MinimumVisualStudioVersion = 10.0.40219.1
Project("{FAE04EC0-301F-11D3-BF4B-00C04F79EFBC}") = "CSBasic9", "CSBasic9\CSBasic9.csproj", "{C5ABA809-3827-40A4-B57D-334ECB11D598}"
EndProject
Global
	GlobalSection(SolutionConfigurationPlatforms) = preSolution
		Debug|Any CPU = Debug|Any CPU
		Release|Any CPU = Release|Any CPU
	EndGlobalSection
	GlobalSection(ProjectConfigurationPlatforms) = postSolution
		{C5ABA809-3827-40A4-B57D-334ECB11D598}.Debug|Any CPU.ActiveCfg = Debug|Any CPU
		{C5ABA809-3827-40A4-B57D-334ECB11D598}.Debug|Any CPU.Build.0 = Debug|Any CPU
		{C5ABA809-3827-40A4-B57D-334ECB11D598}.Release|Any CPU.ActiveCfg = Release|Any CPU
		{C5ABA809-3827-40A4-B57D-334ECB11D598}.Release|Any CPU.Build.0 = Release|Any CPU
	EndGlobalSection
	GlobalSection(SolutionProperties) = preSolution
		HideSolutionNode = FALSE
	EndGlobalSection
	GlobalSection(ExtensibilityGlobals) = postSolution
		SolutionGuid = {E32D5F95-9F8A-447E-8F3E-90B7B8161E07}
	EndGlobalSection
EndGlobal
