
Microsoft Visual Studio Solution File, Format Version 12.00
# Visual Studio Version 16
VisualStudioVersion = 16.0.31402.337
MinimumVisualStudioVersion = 10.0.40219.1
Project("{FAE04EC0-301F-11D3-BF4B-00C04F79EFBC}") = "FormPrac", "FormPrac\FormPrac.csproj", "{EF1AC3D5-1B35-46E2-BC55-34C77E57517A}"
EndProject
Global
	GlobalSection(SolutionConfigurationPlatforms) = preSolution
		Debug|Any CPU = Debug|Any CPU
		Release|Any CPU = Release|Any CPU
	EndGlobalSection
	GlobalSection(ProjectConfigurationPlatforms) = postSolution
		{EF1AC3D5-1B35-46E2-BC55-34C77E57517A}.Debug|Any CPU.ActiveCfg = Debug|Any CPU
		{EF1AC3D5-1B35-46E2-BC55-34C77E57517A}.Debug|Any CPU.Build.0 = Debug|Any CPU
		{EF1AC3D5-1B35-46E2-BC55-34C77E57517A}.Release|Any CPU.ActiveCfg = Release|Any CPU
		{EF1AC3D5-1B35-46E2-BC55-34C77E57517A}.Release|Any CPU.Build.0 = Release|Any CPU
	EndGlobalSection
	GlobalSection(SolutionProperties) = preSolution
		HideSolutionNode = FALSE
	EndGlobalSection
	GlobalSection(ExtensibilityGlobals) = postSolution
		SolutionGuid = {1EFB41E2-0063-42DC-A580-EB3DEA8FFC19}
	EndGlobalSection
EndGlobal
